
Microsoft Visual Studio Solution File, Format Version 12.00
# Visual Studio Version 16
VisualStudioVersion = 16.0.31005.135
MinimumVisualStudioVersion = 10.0.40219.1
Project("{FAE04EC0-301F-11D3-BF4B-00C04F79EFBC}") = "OrangeTaxi", "OrangeTaxi.csproj", "{0EF43EAB-E346-41F5-906B-4CD44A636ECD}"
EndProject
Global
	GlobalSection(SolutionConfigurationPlatforms) = preSolution
		Debug|Any CPU = Debug|Any CPU
		Release|Any CPU = Release|Any CPU
	EndGlobalSection
	GlobalSection(ProjectConfigurationPlatforms) = postSolution
		{0EF43EAB-E346-41F5-906B-4CD44A636ECD}.Debug|Any CPU.ActiveCfg = Debug|Any CPU
		{0EF43EAB-E346-41F5-906B-4CD44A636ECD}.Debug|Any CPU.Build.0 = Debug|Any CPU
		{0EF43EAB-E346-41F5-906B-4CD44A636ECD}.Release|Any CPU.ActiveCfg = Release|Any CPU
		{0EF43EAB-E346-41F5-906B-4CD44A636ECD}.Release|Any CPU.Build.0 = Release|Any CPU
	EndGlobalSection
	GlobalSection(SolutionProperties) = preSolution
		HideSolutionNode = FALSE
	EndGlobalSection
	GlobalSection(ExtensibilityGlobals) = postSolution
		SolutionGuid = {AF48E2FF-F4F9-462C-985F-949B8B201ED2}
	EndGlobalSection
EndGlobal
