
Microsoft Visual Studio Solution File, Format Version 12.00
# Visual Studio Version 16
VisualStudioVersion = 16.0.31005.135
MinimumVisualStudioVersion = 10.0.40219.1
Project("{FAE04EC0-301F-11D3-BF4B-00C04F79EFBC}") = "UberWannBe", "UberWannBe\UberWannBe.csproj", "{D4317746-AF7B-48DD-900A-E64375094EE3}"
EndProject
Global
	GlobalSection(SolutionConfigurationPlatforms) = preSolution
		Debug|Any CPU = Debug|Any CPU
		Release|Any CPU = Release|Any CPU
	EndGlobalSection
	GlobalSection(ProjectConfigurationPlatforms) = postSolution
		{D4317746-AF7B-48DD-900A-E64375094EE3}.Debug|Any CPU.ActiveCfg = Debug|Any CPU
		{D4317746-AF7B-48DD-900A-E64375094EE3}.Debug|Any CPU.Build.0 = Debug|Any CPU
		{D4317746-AF7B-48DD-900A-E64375094EE3}.Release|Any CPU.ActiveCfg = Release|Any CPU
		{D4317746-AF7B-48DD-900A-E64375094EE3}.Release|Any CPU.Build.0 = Release|Any CPU
	EndGlobalSection
	GlobalSection(SolutionProperties) = preSolution
		HideSolutionNode = FALSE
	EndGlobalSection
	GlobalSection(ExtensibilityGlobals) = postSolution
		SolutionGuid = {FCC4B617-17D8-4FF5-9CD7-EB4CDF4FACC7}
	EndGlobalSection
EndGlobal
